
Microsoft Visual Studio Solution File, Format Version 12.00
# Visual Studio Version 17
VisualStudioVersion = 17.11.35222.181
MinimumVisualStudioVersion = 10.0.40219.1
Project("{FAE04EC0-301F-11D3-BF4B-00C04F79EFBC}") = "Lesson05_VeriYapilariveDegisken", "Lesson05_VeriYapilariveDegisken.csproj", "{0666BF09-D301-4AF1-8367-24AA9558D690}"
EndProject
Global
	GlobalSection(SolutionConfigurationPlatforms) = preSolution
		Debug|Any CPU = Debug|Any CPU
		Release|Any CPU = Release|Any CPU
	EndGlobalSection
	GlobalSection(ProjectConfigurationPlatforms) = postSolution
		{0666BF09-D301-4AF1-8367-24AA9558D690}.Debug|Any CPU.ActiveCfg = Debug|Any CPU
		{0666BF09-D301-4AF1-8367-24AA9558D690}.Debug|Any CPU.Build.0 = Debug|Any CPU
		{0666BF09-D301-4AF1-8367-24AA9558D690}.Release|Any CPU.ActiveCfg = Release|Any CPU
		{0666BF09-D301-4AF1-8367-24AA9558D690}.Release|Any CPU.Build.0 = Release|Any CPU
	EndGlobalSection
	GlobalSection(SolutionProperties) = preSolution
		HideSolutionNode = FALSE
	EndGlobalSection
	GlobalSection(ExtensibilityGlobals) = postSolution
		SolutionGuid = {1C794936-3C1B-44C3-8702-C45979A6FE22}
	EndGlobalSection
EndGlobal
