
Microsoft Visual Studio Solution File, Format Version 12.00
# Visual Studio Version 17
VisualStudioVersion = 17.11.35222.181
MinimumVisualStudioVersion = 10.0.40219.1
Project("{FAE04EC0-301F-11D3-BF4B-00C04F79EFBC}") = "NorthwindManagement", "NorthwindManagement.csproj", "{62D58223-4B1F-4A83-8D4E-C4B7C8C27D1C}"
EndProject
Global
	GlobalSection(SolutionConfigurationPlatforms) = preSolution
		Debug|Any CPU = Debug|Any CPU
		Release|Any CPU = Release|Any CPU
	EndGlobalSection
	GlobalSection(ProjectConfigurationPlatforms) = postSolution
		{62D58223-4B1F-4A83-8D4E-C4B7C8C27D1C}.Debug|Any CPU.ActiveCfg = Debug|Any CPU
		{62D58223-4B1F-4A83-8D4E-C4B7C8C27D1C}.Debug|Any CPU.Build.0 = Debug|Any CPU
		{62D58223-4B1F-4A83-8D4E-C4B7C8C27D1C}.Release|Any CPU.ActiveCfg = Release|Any CPU
		{62D58223-4B1F-4A83-8D4E-C4B7C8C27D1C}.Release|Any CPU.Build.0 = Release|Any CPU
	EndGlobalSection
	GlobalSection(SolutionProperties) = preSolution
		HideSolutionNode = FALSE
	EndGlobalSection
	GlobalSection(ExtensibilityGlobals) = postSolution
		SolutionGuid = {A8C870DC-2DE2-4E41-854A-6F41E3DE529D}
	EndGlobalSection
EndGlobal
