
Microsoft Visual Studio Solution File, Format Version 12.00
# Visual Studio Version 17
VisualStudioVersion = 17.11.35222.181
MinimumVisualStudioVersion = 10.0.40219.1
Project("{FAE04EC0-301F-11D3-BF4B-00C04F79EFBC}") = "SiniflarMethodlar", "SiniflarMethodlar.csproj", "{BA4BAA7E-5BA2-481E-B184-D45401A8093B}"
EndProject
Global
	GlobalSection(SolutionConfigurationPlatforms) = preSolution
		Debug|Any CPU = Debug|Any CPU
		Release|Any CPU = Release|Any CPU
	EndGlobalSection
	GlobalSection(ProjectConfigurationPlatforms) = postSolution
		{BA4BAA7E-5BA2-481E-B184-D45401A8093B}.Debug|Any CPU.ActiveCfg = Debug|Any CPU
		{BA4BAA7E-5BA2-481E-B184-D45401A8093B}.Debug|Any CPU.Build.0 = Debug|Any CPU
		{BA4BAA7E-5BA2-481E-B184-D45401A8093B}.Release|Any CPU.ActiveCfg = Release|Any CPU
		{BA4BAA7E-5BA2-481E-B184-D45401A8093B}.Release|Any CPU.Build.0 = Release|Any CPU
	EndGlobalSection
	GlobalSection(SolutionProperties) = preSolution
		HideSolutionNode = FALSE
	EndGlobalSection
	GlobalSection(ExtensibilityGlobals) = postSolution
		SolutionGuid = {3EEE5A30-C593-4ADE-B3B0-3A8A4DDD4303}
	EndGlobalSection
EndGlobal
