
Microsoft Visual Studio Solution File, Format Version 12.00
# Visual Studio Version 17
VisualStudioVersion = 17.11.35222.181
MinimumVisualStudioVersion = 10.0.40219.1
Project("{FAE04EC0-301F-11D3-BF4B-00C04F79EFBC}") = "Lesson18_Miras_Inheritance", "Lesson18_Miras_Inheritance.csproj", "{08966954-2F3B-4F2C-824D-EACA03F518BD}"
EndProject
Global
	GlobalSection(SolutionConfigurationPlatforms) = preSolution
		Debug|Any CPU = Debug|Any CPU
		Release|Any CPU = Release|Any CPU
	EndGlobalSection
	GlobalSection(ProjectConfigurationPlatforms) = postSolution
		{08966954-2F3B-4F2C-824D-EACA03F518BD}.Debug|Any CPU.ActiveCfg = Debug|Any CPU
		{08966954-2F3B-4F2C-824D-EACA03F518BD}.Debug|Any CPU.Build.0 = Debug|Any CPU
		{08966954-2F3B-4F2C-824D-EACA03F518BD}.Release|Any CPU.ActiveCfg = Release|Any CPU
		{08966954-2F3B-4F2C-824D-EACA03F518BD}.Release|Any CPU.Build.0 = Release|Any CPU
	EndGlobalSection
	GlobalSection(SolutionProperties) = preSolution
		HideSolutionNode = FALSE
	EndGlobalSection
	GlobalSection(ExtensibilityGlobals) = postSolution
		SolutionGuid = {61B9181F-AC89-4BEA-995C-5A482FAAC7A4}
	EndGlobalSection
EndGlobal
