
Microsoft Visual Studio Solution File, Format Version 12.00
# Visual Studio Version 17
VisualStudioVersion = 17.5.002.0
MinimumVisualStudioVersion = 10.0.40219.1
Project("{9A19103F-16F7-4668-BE54-9A1E7A4F7556}") = "PortfolioApp", "PortfolioApp.csproj", "{58FBBEDC-C936-4D1E-8C14-80394C481BA4}"
EndProject
Global
	GlobalSection(SolutionConfigurationPlatforms) = preSolution
		Debug|Any CPU = Debug|Any CPU
		Release|Any CPU = Release|Any CPU
	EndGlobalSection
	GlobalSection(ProjectConfigurationPlatforms) = postSolution
		{58FBBEDC-C936-4D1E-8C14-80394C481BA4}.Debug|Any CPU.ActiveCfg = Debug|Any CPU
		{58FBBEDC-C936-4D1E-8C14-80394C481BA4}.Debug|Any CPU.Build.0 = Debug|Any CPU
		{58FBBEDC-C936-4D1E-8C14-80394C481BA4}.Release|Any CPU.ActiveCfg = Release|Any CPU
		{58FBBEDC-C936-4D1E-8C14-80394C481BA4}.Release|Any CPU.Build.0 = Release|Any CPU
	EndGlobalSection
	GlobalSection(SolutionProperties) = preSolution
		HideSolutionNode = FALSE
	EndGlobalSection
	GlobalSection(ExtensibilityGlobals) = postSolution
		SolutionGuid = {F09F6F98-C90D-43D0-84BB-0F4B40D63D5A}
	EndGlobalSection
EndGlobal
