
Microsoft Visual Studio Solution File, Format Version 12.00
# Visual Studio Version 17
VisualStudioVersion = 17.11.35431.28
MinimumVisualStudioVersion = 10.0.40219.1
Project("{FAE04EC0-301F-11D3-BF4B-00C04F79EFBC}") = "Project07_EfCore_DbFirst_Portfolio", "Project07_EfCore_DbFirst_Portfolio\Project07_EfCore_DbFirst_Portfolio.csproj", "{C8939007-3032-41C1-A7C3-2F08A1620C86}"
EndProject
Global
	GlobalSection(SolutionConfigurationPlatforms) = preSolution
		Debug|Any CPU = Debug|Any CPU
		Release|Any CPU = Release|Any CPU
	EndGlobalSection
	GlobalSection(ProjectConfigurationPlatforms) = postSolution
		{C8939007-3032-41C1-A7C3-2F08A1620C86}.Debug|Any CPU.ActiveCfg = Debug|Any CPU
		{C8939007-3032-41C1-A7C3-2F08A1620C86}.Debug|Any CPU.Build.0 = Debug|Any CPU
		{C8939007-3032-41C1-A7C3-2F08A1620C86}.Release|Any CPU.ActiveCfg = Release|Any CPU
		{C8939007-3032-41C1-A7C3-2F08A1620C86}.Release|Any CPU.Build.0 = Release|Any CPU
	EndGlobalSection
	GlobalSection(SolutionProperties) = preSolution
		HideSolutionNode = FALSE
	EndGlobalSection
	GlobalSection(ExtensibilityGlobals) = postSolution
		SolutionGuid = {37EBC3D0-C723-416F-8DC8-0BF8C12080B3}
	EndGlobalSection
EndGlobal
